
Microsoft Visual Studio Solution File, Format Version 12.00
# Visual Studio Version 17
VisualStudioVersion = 17.1.32228.430
MinimumVisualStudioVersion = 10.0.40219.1
Project("{9A19103F-16F7-4668-BE54-9A1E7A4F7556}") = "Questao1", "ListaThreads\Questao1.csproj", "{13AC7AD5-AB49-411F-AE2A-FD2FC30C5E0E}"
EndProject
Project("{FAE04EC0-301F-11D3-BF4B-00C04F79EFBC}") = "Questao2", "Questao2\Questao2.csproj", "{E9730521-949A-4458-94D3-51FDB3A21C80}"
EndProject
Project("{FAE04EC0-301F-11D3-BF4B-00C04F79EFBC}") = "Questao3", "Questao3\Questao3.csproj", "{AF308271-39A5-4D6C-A636-BD4F6F549D8C}"
EndProject
Project("{2150E333-8FDC-42A3-9474-1A3956D46DE8}") = "Solution Items", "Solution Items", "{D767D5F6-2B30-41BF-992A-BB3484E91584}"
	ProjectSection(SolutionItems) = preProject
		Questoes.txt = Questoes.txt
	EndProjectSection
EndProject
Global
	GlobalSection(SolutionConfigurationPlatforms) = preSolution
		Debug|Any CPU = Debug|Any CPU
		Release|Any CPU = Release|Any CPU
	EndGlobalSection
	GlobalSection(ProjectConfigurationPlatforms) = postSolution
		{13AC7AD5-AB49-411F-AE2A-FD2FC30C5E0E}.Debug|Any CPU.ActiveCfg = Debug|Any CPU
		{13AC7AD5-AB49-411F-AE2A-FD2FC30C5E0E}.Debug|Any CPU.Build.0 = Debug|Any CPU
		{13AC7AD5-AB49-411F-AE2A-FD2FC30C5E0E}.Release|Any CPU.ActiveCfg = Release|Any CPU
		{13AC7AD5-AB49-411F-AE2A-FD2FC30C5E0E}.Release|Any CPU.Build.0 = Release|Any CPU
		{E9730521-949A-4458-94D3-51FDB3A21C80}.Debug|Any CPU.ActiveCfg = Debug|Any CPU
		{E9730521-949A-4458-94D3-51FDB3A21C80}.Debug|Any CPU.Build.0 = Debug|Any CPU
		{E9730521-949A-4458-94D3-51FDB3A21C80}.Release|Any CPU.ActiveCfg = Release|Any CPU
		{E9730521-949A-4458-94D3-51FDB3A21C80}.Release|Any CPU.Build.0 = Release|Any CPU
		{AF308271-39A5-4D6C-A636-BD4F6F549D8C}.Debug|Any CPU.ActiveCfg = Debug|Any CPU
		{AF308271-39A5-4D6C-A636-BD4F6F549D8C}.Debug|Any CPU.Build.0 = Debug|Any CPU
		{AF308271-39A5-4D6C-A636-BD4F6F549D8C}.Release|Any CPU.ActiveCfg = Release|Any CPU
		{AF308271-39A5-4D6C-A636-BD4F6F549D8C}.Release|Any CPU.Build.0 = Release|Any CPU
	EndGlobalSection
	GlobalSection(SolutionProperties) = preSolution
		HideSolutionNode = FALSE
	EndGlobalSection
	GlobalSection(ExtensibilityGlobals) = postSolution
		SolutionGuid = {E82F4331-099B-4EFB-BE6D-B51E882B37F6}
	EndGlobalSection
EndGlobal
